<?xml version="1.0"?>
<CONFIG>
  <ProjectOptions>
    <PathDelim Value="/"/>
    <Version Value="5"/>
    <General>
      <Flags>
        <SaveClosedFiles Value="False"/>
      </Flags>
      <MainUnit Value="0"/>
      <ActiveEditorIndexAtStart Value="0"/>
      <IconPath Value="./"/>
      <TargetFileExt Value=""/>
      <Title Value="pasdoc_gui"/>
    </General>
    <JumpHistory Count="13" HistoryIndex="12">
      <Position1>
        <Filename Value="frmhelpgeneratorunit.pas"/>
        <Caret Line="77" Column="1" TopLine="71"/>
      </Position1>
      <Position2>
        <Filename Value="frmhelpgeneratorunit.pas"/>
        <Caret Line="1" Column="1" TopLine="1"/>
      </Position2>
      <Position3>
        <Filename Value="frmhelpgeneratorunit.pas"/>
        <Caret Line="895" Column="2" TopLine="893"/>
      </Position3>
      <Position4>
        <Filename Value="frmhelpgeneratorunit.pas"/>
        <Caret Line="170" Column="5" TopLine="169"/>
      </Position4>
      <Position5>
        <Filename Value="frmhelpgeneratorunit.pas"/>
        <Caret Line="237" Column="1" TopLine="225"/>
      </Position5>
      <Position6>
        <Filename Value="frmhelpgeneratorunit.pas"/>
        <Caret Line="185" Column="5" TopLine="158"/>
      </Position6>
      <Position7>
        <Filename Value="frmhelpgeneratorunit.pas"/>
        <Caret Line="184" Column="1" TopLine="157"/>
      </Position7>
      <Position8>
        <Filename Value="frmhelpgeneratorunit.pas"/>
        <Caret Line="351" Column="16" TopLine="337"/>
      </Position8>
      <Position9>
        <Filename Value="frmhelpgeneratorunit.pas"/>
        <Caret Line="590" Column="41" TopLine="576"/>
      </Position9>
      <Position10>
        <Filename Value="frmhelpgeneratorunit.pas"/>
        <Caret Line="633" Column="37" TopLine="619"/>
      </Position10>
      <Position11>
        <Filename Value="frmhelpgeneratorunit.pas"/>
        <Caret Line="783" Column="20" TopLine="769"/>
      </Position11>
      <Position12>
        <Filename Value="frmhelpgeneratorunit.pas"/>
        <Caret Line="848" Column="59" TopLine="834"/>
      </Position12>
      <Position13>
        <Filename Value="frmhelpgeneratorunit.pas"/>
        <Caret Line="891" Column="1" TopLine="878"/>
      </Position13>
    </JumpHistory>
    <Units Count="3">
      <Unit0>
        <CursorPos X="1" Y="1"/>
        <Filename Value="pasdoc_gui.lpr"/>
        <IsPartOfProject Value="True"/>
        <TopLine Value="1"/>
        <UnitName Value="pasdoc_gui"/>
        <UsageCount Value="62"/>
      </Unit0>
      <Unit1>
        <CursorPos X="1" Y="234"/>
        <EditorIndex Value="0"/>
        <Filename Value="frmhelpgeneratorunit.pas"/>
        <ComponentName Value="frmHelpGenerator"/>
        <IsPartOfProject Value="True"/>
        <Loaded Value="True"/>
        <ResourceFilename Value="frmhelpgeneratorunit.lrs"/>
        <TopLine Value="214"/>
        <UnitName Value="frmHelpGeneratorUnit"/>
        <UsageCount Value="62"/>
        <Bookmarks Count="1">
          <Item0 X="7" Y="613" ID="1"/>
        </Bookmarks>
      </Unit1>
      <Unit2>
        <CursorPos X="1" Y="1"/>
        <Filename Value="frmaboutunit.pas"/>
        <ComponentName Value="frmAbout"/>
        <IsPartOfProject Value="True"/>
        <ResourceFilename Value="frmaboutunit.lrs"/>
        <TopLine Value="1"/>
        <UnitName Value="frmAboutUnit"/>
        <UsageCount Value="62"/>
      </Unit2>
    </Units>
    <PublishOptions>
      <Version Value="2"/>
      <DestinationDirectory Value="/tmp/aaa/"/>
      <IgnoreBinaries Value="False"/>
      <IncludeFileFilter Value="*.(pas|pp|inc|lfm|lpr|lrs|lpi|lpk|sh|xml)"/>
      <ExcludeFileFilter Value="*.(bak|ppu|ppw|o|so);*~;backup"/>
    </PublishOptions>
    <RunParams>
      <local>
        <FormatVersion Value="1"/>
        <LaunchingApplication PathPlusParams="/usr/X11R6/bin/xterm -T 'Lazarus Run Output' -e $(LazarusDir)/tools/runwait.sh $(TargetCmdLine)"/>
      </local>
    </RunParams>
    <RequiredPackages Count="3">
      <Item1>
        <PackageName Value="pasdoc_package"/>
      </Item1>
      <Item2>
        <PackageName Value="LCL"/>
      </Item2>
      <Item3>
        <PackageName Value="FCL"/>
        <MinVersion Major="1" Valid="True"/>
      </Item3>
    </RequiredPackages>
  </ProjectOptions>
  <CompilerOptions>
    <Version Value="5"/>
    <SearchPaths>
      <SrcPath Value="$(LazarusDir)/lcl/;$(LazarusDir)/lcl/interfaces/$(LCLWidgetType)/"/>
    </SearchPaths>
    <CodeGeneration>
      <Generate Value="Faster"/>
    </CodeGeneration>
    <Linking>
      <Debugging>
        <UseLineInfoUnit Value="False"/>
        <StripSymbols Value="True"/>
      </Debugging>
      <Options>
        <Win32>
          <GraphicApplication Value="True"/>
        </Win32>
      </Options>
    </Linking>
    <Other>
      <CompilerPath Value="$(CompPath)"/>
    </Other>
  </CompilerOptions>
  <Debugging>
    <Watches Count="1">
      <Item1>
        <Expression Value="Options"/>
      </Item1>
    </Watches>
    <Exceptions Count="2">
      <Item1>
        <Name Value="ECodetoolError"/>
      </Item1>
      <Item2>
        <Name Value="EFOpenError"/>
      </Item2>
    </Exceptions>
  </Debugging>
</CONFIG>
