<?xml version="1.0"?>
<CONFIG>
  <ProjectOptions>
    <PathDelim Value="\"/>
    <Version Value="6"/>
    <General>
      <Flags>
        <SaveClosedFiles Value="False"/>
        <MainUnitHasUsesSectionForAllUnits Value="False"/>
        <MainUnitHasCreateFormStatements Value="False"/>
        <MainUnitHasTitleStatement Value="False"/>
      </Flags>
      <MainUnit Value="0"/>
      <IconPath Value=".\"/>
      <TargetFileExt Value=""/>
      <Title Value="pasdoc"/>
      <ActiveEditorIndexAtStart Value="7"/>
    </General>
    <PublishOptions>
      <Version Value="2"/>
      <DestinationDirectory Value="$(TestDir)\publishedproject\"/>
      <IgnoreBinaries Value="False"/>
      <IncludeFileFilter Value="*.(pas|pp|inc|lfm|lpr|lrs|lpi|lpk|sh|xml)"/>
      <ExcludeFileFilter Value="*.(bak|ppu|ppw|o|so);*~;backup"/>
    </PublishOptions>
    <RunParams>
      <local>
        <FormatVersion Value="1"/>
        <CommandLineParams Value="-L de ..\ok_expanding_descriptions.pas"/>
        <LaunchingApplication PathPlusParams="\usr\X11R6\bin\xterm -T 'Lazarus Run Output' -e $(LazarusDir)\tools\runwait.sh $(TargetCmdLine)"/>
        <WorkingDirectory Value="D:\SourceForge\pasdocOld\branches\PasDoc2\tests\html"/>
      </local>
    </RunParams>
    <RequiredPackages Count="1">
      <Item1>
        <PackageName Value="pasdoc_package"/>
      </Item1>
    </RequiredPackages>
    <Units Count="12">
      <Unit0>
        <Filename Value="pasdoc.dpr"/>
        <IsPartOfProject Value="True"/>
        <CursorPos X="1" Y="37"/>
        <TopLine Value="1"/>
        <EditorIndex Value="0"/>
        <UsageCount Value="25"/>
        <Loaded Value="True"/>
      </Unit0>
      <Unit1>
        <Filename Value="PasDoc_Main.pas"/>
        <UnitName Value="PasDoc_Main"/>
        <CursorPos X="1" Y="580"/>
        <TopLine Value="558"/>
        <EditorIndex Value="4"/>
        <UsageCount Value="12"/>
        <Loaded Value="True"/>
      </Unit1>
      <Unit2>
        <Filename Value="..\component\PasDoc_GenHtml.pas"/>
        <UnitName Value="PasDoc_GenHtml"/>
        <CursorPos X="1" Y="797"/>
        <TopLine Value="775"/>
        <EditorIndex Value="1"/>
        <UsageCount Value="12"/>
        <Loaded Value="True"/>
      </Unit2>
      <Unit3>
        <Filename Value="..\component\PasDoc_GenHtmlHelp.pas"/>
        <UnitName Value="PasDoc_GenHtmlHelp"/>
        <CursorPos X="23" Y="26"/>
        <TopLine Value="4"/>
        <EditorIndex Value="2"/>
        <UsageCount Value="12"/>
        <Loaded Value="True"/>
      </Unit3>
      <Unit4>
        <Filename Value="..\component\PasDoc_Base.pas"/>
        <UnitName Value="PasDoc_Base"/>
        <CursorPos X="1" Y="340"/>
        <TopLine Value="318"/>
        <EditorIndex Value="3"/>
        <UsageCount Value="12"/>
        <Loaded Value="True"/>
      </Unit4>
      <Unit5>
        <Filename Value="..\component\PasDoc_Items.pas"/>
        <UnitName Value="PasDoc_Items"/>
        <CursorPos X="1" Y="1"/>
        <TopLine Value="1"/>
        <EditorIndex Value="6"/>
        <UsageCount Value="12"/>
        <Loaded Value="True"/>
      </Unit5>
      <Unit6>
        <Filename Value="..\component\PasDoc_Types.pas"/>
        <UnitName Value="PasDoc_Types"/>
        <CursorPos X="5" Y="194"/>
        <TopLine Value="159"/>
        <EditorIndex Value="11"/>
        <UsageCount Value="12"/>
        <Loaded Value="True"/>
      </Unit6>
      <Unit7>
        <Filename Value="..\..\..\..\..\..\lazarus\fpc\2.2.0\source\rtl\inc\objpash.inc"/>
        <CursorPos X="21" Y="156"/>
        <TopLine Value="134"/>
        <EditorIndex Value="5"/>
        <UsageCount Value="12"/>
        <Loaded Value="True"/>
      </Unit7>
      <Unit8>
        <Filename Value="..\component\PasDoc_StringVector.pas"/>
        <UnitName Value="PasDoc_StringVector"/>
        <CursorPos X="3" Y="19"/>
        <TopLine Value="17"/>
        <EditorIndex Value="10"/>
        <UsageCount Value="12"/>
        <Loaded Value="True"/>
      </Unit8>
      <Unit9>
        <Filename Value="..\..\..\..\..\..\lazarus\fpc\2.2.0\source\rtl\inc\objpas.inc"/>
        <CursorPos X="1" Y="152"/>
        <TopLine Value="130"/>
        <EditorIndex Value="7"/>
        <UsageCount Value="11"/>
        <Loaded Value="True"/>
      </Unit9>
      <Unit10>
        <Filename Value="..\..\..\..\..\..\lazarus\fpc\2.2.0\source\packages\fcl-base\src\inc\contnrs.pp"/>
        <UnitName Value="contnrs"/>
        <CursorPos X="1" Y="705"/>
        <TopLine Value="683"/>
        <EditorIndex Value="8"/>
        <UsageCount Value="11"/>
        <Loaded Value="True"/>
      </Unit10>
      <Unit11>
        <Filename Value="..\..\..\..\..\..\lazarus\fpc\2.2.0\source\rtl\objpas\classes\lists.inc"/>
        <CursorPos X="1" Y="418"/>
        <TopLine Value="396"/>
        <EditorIndex Value="9"/>
        <UsageCount Value="11"/>
        <Loaded Value="True"/>
      </Unit11>
    </Units>
    <JumpHistory Count="30" HistoryIndex="29">
      <Position1>
        <Filename Value="..\component\PasDoc_Items.pas"/>
        <Caret Line="1785" Column="1" TopLine="1763"/>
      </Position1>
      <Position2>
        <Filename Value="..\component\PasDoc_Items.pas"/>
        <Caret Line="1788" Column="1" TopLine="1766"/>
      </Position2>
      <Position3>
        <Filename Value="..\component\PasDoc_Items.pas"/>
        <Caret Line="1790" Column="1" TopLine="1768"/>
      </Position3>
      <Position4>
        <Filename Value="..\component\PasDoc_Items.pas"/>
        <Caret Line="1791" Column="1" TopLine="1769"/>
      </Position4>
      <Position5>
        <Filename Value="..\component\PasDoc_Items.pas"/>
        <Caret Line="2509" Column="1" TopLine="2487"/>
      </Position5>
      <Position6>
        <Filename Value="..\..\..\..\..\..\lazarus\fpc\2.2.0\source\rtl\inc\objpas.inc"/>
        <Caret Line="153" Column="1" TopLine="131"/>
      </Position6>
      <Position7>
        <Filename Value="..\..\..\..\..\..\lazarus\fpc\2.2.0\source\packages\fcl-base\src\inc\contnrs.pp"/>
        <Caret Line="701" Column="13" TopLine="682"/>
      </Position7>
      <Position8>
        <Filename Value="..\..\..\..\..\..\lazarus\fpc\2.2.0\source\packages\fcl-base\src\inc\contnrs.pp"/>
        <Caret Line="705" Column="1" TopLine="683"/>
      </Position8>
      <Position9>
        <Filename Value="..\..\..\..\..\..\lazarus\fpc\2.2.0\source\rtl\objpas\classes\lists.inc"/>
        <Caret Line="418" Column="1" TopLine="396"/>
      </Position9>
      <Position10>
        <Filename Value="..\component\PasDoc_Items.pas"/>
        <Caret Line="1785" Column="1" TopLine="1763"/>
      </Position10>
      <Position11>
        <Filename Value="..\component\PasDoc_Items.pas"/>
        <Caret Line="1788" Column="1" TopLine="1766"/>
      </Position11>
      <Position12>
        <Filename Value="..\component\PasDoc_Items.pas"/>
        <Caret Line="1790" Column="1" TopLine="1768"/>
      </Position12>
      <Position13>
        <Filename Value="..\component\PasDoc_Items.pas"/>
        <Caret Line="1791" Column="1" TopLine="1769"/>
      </Position13>
      <Position14>
        <Filename Value="..\component\PasDoc_Items.pas"/>
        <Caret Line="2127" Column="1" TopLine="2105"/>
      </Position14>
      <Position15>
        <Filename Value="..\..\..\..\..\..\lazarus\fpc\2.2.0\source\rtl\inc\objpas.inc"/>
        <Caret Line="153" Column="1" TopLine="131"/>
      </Position15>
      <Position16>
        <Filename Value="..\..\..\..\..\..\lazarus\fpc\2.2.0\source\packages\fcl-base\src\inc\contnrs.pp"/>
        <Caret Line="704" Column="1" TopLine="682"/>
      </Position16>
      <Position17>
        <Filename Value="..\..\..\..\..\..\lazarus\fpc\2.2.0\source\packages\fcl-base\src\inc\contnrs.pp"/>
        <Caret Line="705" Column="1" TopLine="683"/>
      </Position17>
      <Position18>
        <Filename Value="..\..\..\..\..\..\lazarus\fpc\2.2.0\source\rtl\objpas\classes\lists.inc"/>
        <Caret Line="418" Column="1" TopLine="396"/>
      </Position18>
      <Position19>
        <Filename Value="..\component\PasDoc_Items.pas"/>
        <Caret Line="1785" Column="1" TopLine="1763"/>
      </Position19>
      <Position20>
        <Filename Value="..\component\PasDoc_Items.pas"/>
        <Caret Line="1788" Column="1" TopLine="1766"/>
      </Position20>
      <Position21>
        <Filename Value="..\component\PasDoc_Items.pas"/>
        <Caret Line="1790" Column="1" TopLine="1768"/>
      </Position21>
      <Position22>
        <Filename Value="..\component\PasDoc_Items.pas"/>
        <Caret Line="1791" Column="1" TopLine="1769"/>
      </Position22>
      <Position23>
        <Filename Value="..\component\PasDoc_Items.pas"/>
        <Caret Line="2127" Column="1" TopLine="2105"/>
      </Position23>
      <Position24>
        <Filename Value="..\..\..\..\..\..\lazarus\fpc\2.2.0\source\rtl\inc\objpas.inc"/>
        <Caret Line="153" Column="1" TopLine="131"/>
      </Position24>
      <Position25>
        <Filename Value="..\..\..\..\..\..\lazarus\fpc\2.2.0\source\packages\fcl-base\src\inc\contnrs.pp"/>
        <Caret Line="704" Column="1" TopLine="682"/>
      </Position25>
      <Position26>
        <Filename Value="..\..\..\..\..\..\lazarus\fpc\2.2.0\source\packages\fcl-base\src\inc\contnrs.pp"/>
        <Caret Line="705" Column="1" TopLine="683"/>
      </Position26>
      <Position27>
        <Filename Value="..\..\..\..\..\..\lazarus\fpc\2.2.0\source\rtl\objpas\classes\lists.inc"/>
        <Caret Line="418" Column="1" TopLine="396"/>
      </Position27>
      <Position28>
        <Filename Value="..\component\PasDoc_Items.pas"/>
        <Caret Line="1785" Column="1" TopLine="1763"/>
      </Position28>
      <Position29>
        <Filename Value="..\component\PasDoc_Items.pas"/>
        <Caret Line="1788" Column="1" TopLine="1766"/>
      </Position29>
      <Position30>
        <Filename Value="..\component\PasDoc_Items.pas"/>
        <Caret Line="1790" Column="1" TopLine="1768"/>
      </Position30>
    </JumpHistory>
  </ProjectOptions>
  <CompilerOptions>
    <Version Value="5"/>
    <PathDelim Value="\"/>
    <SearchPaths>
      <IncludeFiles Value="..\component\"/>
    </SearchPaths>
    <Parsing>
      <SyntaxOptions>
        <IncludeAssertionCode Value="True"/>
        <CStyleMacros Value="True"/>
        <UseAnsiStrings Value="True"/>
      </SyntaxOptions>
    </Parsing>
    <CodeGeneration>
      <Checks>
        <IOChecks Value="True"/>
        <RangeChecks Value="True"/>
        <OverflowChecks Value="True"/>
        <StackChecks Value="True"/>
      </Checks>
      <Generate Value="Faster"/>
    </CodeGeneration>
    <Other>
      <Verbosity>
        <ShowHints Value="False"/>
      </Verbosity>
      <CompilerPath Value="$(CompPath)"/>
    </Other>
  </CompilerOptions>
  <Debugging>
    <BreakPoints Count="7">
      <Item1>
        <Source Value="pasdoc.dpr"/>
        <Line Value="41"/>
      </Item1>
      <Item2>
        <Source Value="pasdoc.dpr"/>
        <Line Value="37"/>
      </Item2>
      <Item3>
        <Source Value="..\component\PasDoc_GenHtml.pas"/>
        <Line Value="797"/>
      </Item3>
      <Item4>
        <Source Value="PasDoc_Main.pas"/>
        <Line Value="580"/>
      </Item4>
      <Item5>
        <Source Value="..\component\PasDoc_Base.pas"/>
        <Line Value="335"/>
      </Item5>
      <Item6>
        <Source Value="..\component\PasDoc_Base.pas"/>
        <Line Value="340"/>
      </Item6>
      <Item7>
        <Source Value="..\component\PasDoc_Items.pas"/>
        <Line Value="1785"/>
      </Item7>
    </BreakPoints>
    <Watches Count="1">
      <Item1>
        <Expression Value="Options"/>
      </Item1>
    </Watches>
    <Exceptions Count="2">
      <Item1>
        <Name Value="ECodetoolError"/>
      </Item1>
      <Item2>
        <Name Value="EFOpenError"/>
      </Item2>
    </Exceptions>
  </Debugging>
</CONFIG>
