	<Project xmlns="http://schemas.microsoft.com/developer/msbuild/2003">
		<PropertyGroup>
			<ProjectGuid>{8e4600a9-342b-487a-ad12-37343bf61652}</ProjectGuid>
			<MainSource>pasdoc_package.dpk</MainSource>
			<Configuration Condition=" '$(Configuration)' == '' ">Debug</Configuration>
			<Platform Condition=" '$(Platform)' == '' ">AnyCPU</Platform>
			<DCC_DCCCompiler>DCC32</DCC_DCCCompiler>
			<DCC_DependencyCheckOutputName>C:\Dokumente und Einstellungen\All Users\Dokumente\RAD Studio\5.0\Bpl\pasdoc_package.bpl</DCC_DependencyCheckOutputName>
			<ProjectVersion>12.0</ProjectVersion>
			<Config Condition="'$(Config)'==''">Debug</Config>
		</PropertyGroup>
		<PropertyGroup Condition="'$(Config)'=='Base' or '$(Base)'!=''">
			<Base>true</Base>
		</PropertyGroup>
		<PropertyGroup Condition="'$(Config)'=='Release' or '$(Cfg_1)'!=''">
			<Cfg_1>true</Cfg_1>
			<CfgParent>Base</CfgParent>
			<Base>true</Base>
		</PropertyGroup>
		<PropertyGroup Condition="'$(Config)'=='Debug' or '$(Cfg_2)'!=''">
			<Cfg_2>true</Cfg_2>
			<CfgParent>Base</CfgParent>
			<Base>true</Base>
		</PropertyGroup>
		<PropertyGroup Condition="'$(Base)'!=''">
			<DCC_ImageBase>00400000</DCC_ImageBase>
			<DesignOnlyPackage>false</DesignOnlyPackage>
			<DCC_DependencyCheckOutputName>C:\Dokumente und Einstellungen\All Users\Dokumente\RAD Studio\6.0\Bpl\pasdoc_package.bpl</DCC_DependencyCheckOutputName>
			<DCC_RangeChecking>true</DCC_RangeChecking>
			<DCC_Description>PasDoc components</DCC_Description>
			<DCC_OutputNeverBuildDcps>true</DCC_OutputNeverBuildDcps>
			<GenDll>true</GenDll>
			<DCC_IntegerOverflowCheck>true</DCC_IntegerOverflowCheck>
			<DCC_SymbolReferenceInfo>1</DCC_SymbolReferenceInfo>
			<GenPackage>true</GenPackage>
		</PropertyGroup>
		<PropertyGroup Condition="'$(Cfg_1)'!=''">
			<Version>7.0</Version>
			<DCC_DebugInformation>False</DCC_DebugInformation>
			<DCC_LocalDebugSymbols>False</DCC_LocalDebugSymbols>
			<DCC_IntegerOverflowCheck>True</DCC_IntegerOverflowCheck>
			<DCC_RangeChecking>True</DCC_RangeChecking>
			<DCC_SymbolReferenceInfo>0</DCC_SymbolReferenceInfo>
			<DCC_UnitSearchPath>..\..\..\..\component\images;$(DCC_UnitSearchPath)</DCC_UnitSearchPath>
			<DCC_ResourcePath>..\..\..\..\component\images;$(DCC_ResourcePath)</DCC_ResourcePath>
			<DCC_ObjPath>..\..\..\..\component\images;$(DCC_ObjPath)</DCC_ObjPath>
			<DCC_IncludePath>..\..\..\..\component\images;$(DCC_IncludePath)</DCC_IncludePath>
			<DCC_Define>RELEASE;$(DCC_Define)</DCC_Define>
			<DCC_SYMBOL_PLATFORM>False</DCC_SYMBOL_PLATFORM>
			<DCC_UNIT_PLATFORM>False</DCC_UNIT_PLATFORM>
		</PropertyGroup>
		<PropertyGroup Condition="'$(Cfg_2)'!=''">
			<Version>7.0</Version>
			<DCC_IntegerOverflowCheck>True</DCC_IntegerOverflowCheck>
			<DCC_RangeChecking>True</DCC_RangeChecking>
			<DCC_UnitSearchPath>..\..\..\..\component\images;$(DCC_UnitSearchPath)</DCC_UnitSearchPath>
			<DCC_ResourcePath>..\..\..\..\component\images;$(DCC_ResourcePath)</DCC_ResourcePath>
			<DCC_ObjPath>..\..\..\..\component\images;$(DCC_ObjPath)</DCC_ObjPath>
			<DCC_IncludePath>..\..\..\..\component\images;$(DCC_IncludePath)</DCC_IncludePath>
			<DCC_SYMBOL_PLATFORM>False</DCC_SYMBOL_PLATFORM>
			<DCC_UNIT_PLATFORM>False</DCC_UNIT_PLATFORM>
		</PropertyGroup>
		<ProjectExtensions>
			<Borland.Personality>Delphi.Personality.12</Borland.Personality>
			<Borland.ProjectType>Package</Borland.ProjectType>
			<BorlandProject>
				<Delphi.Personality>
					<Parameters>
						<Parameters Name="UseLauncher">False</Parameters>
						<Parameters Name="LoadAllSymbols">True</Parameters>
						<Parameters Name="LoadUnspecifiedSymbols">False</Parameters>
					</Parameters>
					<VersionInfo>
						<VersionInfo Name="IncludeVerInfo">True</VersionInfo>
						<VersionInfo Name="AutoIncBuild">False</VersionInfo>
						<VersionInfo Name="MajorVer">0</VersionInfo>
						<VersionInfo Name="MinorVer">9</VersionInfo>
						<VersionInfo Name="Release">0</VersionInfo>
						<VersionInfo Name="Build">0</VersionInfo>
						<VersionInfo Name="Debug">False</VersionInfo>
						<VersionInfo Name="PreRelease">False</VersionInfo>
						<VersionInfo Name="Special">False</VersionInfo>
						<VersionInfo Name="Private">False</VersionInfo>
						<VersionInfo Name="DLL">False</VersionInfo>
						<VersionInfo Name="Locale">1045</VersionInfo>
						<VersionInfo Name="CodePage">1250</VersionInfo>
					</VersionInfo>
					<VersionInfoKeys>
						<VersionInfoKeys Name="CompanyName"/>
						<VersionInfoKeys Name="FileDescription"/>
						<VersionInfoKeys Name="FileVersion">0.12.0</VersionInfoKeys>
						<VersionInfoKeys Name="InternalName"/>
						<VersionInfoKeys Name="LegalCopyright"/>
						<VersionInfoKeys Name="LegalTrademarks"/>
						<VersionInfoKeys Name="OriginalFilename"/>
						<VersionInfoKeys Name="ProductName"/>
						<VersionInfoKeys Name="ProductVersion">0.12.0</VersionInfoKeys>
						<VersionInfoKeys Name="Comments"/>
					</VersionInfoKeys>
					<Source>
						<Source Name="MainSource">pasdoc_package.dpk</Source>
					</Source>
				</Delphi.Personality>
			</BorlandProject>
			<ProjectFileVersion>12</ProjectFileVersion>
		</ProjectExtensions>
		<ItemGroup>
			<DelphiCompile Include="pasdoc_package.dpk">
				<MainSource>MainSource</MainSource>
			</DelphiCompile>
			<DCCReference Include="rtl.dcp"/>
			<DCCReference Include="vclx.dcp"/>
			<DCCReference Include="vcl.dcp"/>
			<DCCReference Include="..\..\..\..\component\PasDoc_Utils.pas"/>
			<DCCReference Include="..\..\..\..\component\PasDoc_ObjectVector.pas"/>
			<DCCReference Include="..\..\..\..\component\PasDoc_Base.pas"/>
			<DCCReference Include="..\..\..\..\component\PasDoc_Gen.pas"/>
			<DCCReference Include="..\..\..\..\component\PasDoc_GenHtml.pas"/>
			<DCCReference Include="..\..\..\..\component\PasDoc_GenLatex.pas"/>
			<DCCReference Include="..\..\..\..\component\PasDoc_HierarchyTree.pas"/>
			<DCCReference Include="..\..\..\..\component\PasDoc_Items.pas"/>
			<DCCReference Include="..\..\..\..\component\PasDoc_Languages.pas"/>
			<DCCReference Include="..\..\..\..\component\PasDoc_Parser.pas"/>
			<DCCReference Include="..\..\..\..\component\PasDoc_Reg.pas"/>
			<DCCReference Include="..\..\..\..\component\PasDoc_Scanner.pas"/>
			<DCCReference Include="..\..\..\..\component\PasDoc_Serialize.pas"/>
			<DCCReference Include="..\..\..\..\component\PasDoc_TagManager.pas"/>
			<DCCReference Include="..\..\..\..\component\PasDoc_Tokenizer.pas"/>
			<DCCReference Include="..\..\..\..\component\PasDoc_Types.pas"/>
			<DCCReference Include="..\..\..\..\component\PasDoc_StreamUtils.pas"/>
			<DCCReference Include="..\..\..\..\component\PasDoc_StringVector.pas"/>
			<DCCReference Include="..\..\..\..\component\PasDoc_Hashes.pas"/>
			<DCCReference Include="..\..\..\..\component\tipue\PasDoc_Tipue.pas"/>
			<DCCReference Include="..\..\..\..\component\PasDoc_SortSettings.pas"/>
			<DCCReference Include="..\..\..\..\component\PasDoc_GenHtmlHelp.pas"/>
			<DCCReference Include="..\..\..\..\component\PasDoc_StringPairVector.pas"/>
			<DCCReference Include="..\..\..\..\component\PasDoc_Aspell.pas"/>
			<DCCReference Include="..\..\..\..\component\PasDoc_ProcessLineTalk.pas"/>
			<DCCReference Include="..\..\..\..\component\PasDoc_GenSimpleXML.pas"/>
			<BuildConfiguration Include="Base">
				<Key>Base</Key>
			</BuildConfiguration>
			<BuildConfiguration Include="Debug">
				<Key>Cfg_2</Key>
				<CfgParent>Base</CfgParent>
			</BuildConfiguration>
			<BuildConfiguration Include="Release">
				<Key>Cfg_1</Key>
				<CfgParent>Base</CfgParent>
			</BuildConfiguration>
		</ItemGroup>
		<Import Project="$(BDS)\Bin\CodeGear.Delphi.Targets" Condition="Exists('$(BDS)\Bin\CodeGear.Delphi.Targets')"/>
	</Project>
